<?xml version="1.0" encoding="utf-8"?>
<Project ToolsVersion="4.0" xmlns="http://schemas.microsoft.com/developer/msbuild/2003">
  <ItemGroup>
    <Filter Include="Kargono">
      <UniqueIdentifier>{361A9D7B-A2F9-1B17-AB11-A7ED17708278}</UniqueIdentifier>
    </Filter>
    <Filter Include="Kargono\Events">
      <UniqueIdentifier>{5A6DF4F9-463B-E8FF-2FCF-58261B3CC464}</UniqueIdentifier>
    </Filter>
    <Filter Include="Kargono\ImGui">
      <UniqueIdentifier>{E0DF5917-4CA0-D54D-15DB-1ECB815A1A2A}</UniqueIdentifier>
    </Filter>
    <Filter Include="Platform">
      <UniqueIdentifier>{2AC788B4-1694-E3BF-3FAD-D1672BD9184E}</UniqueIdentifier>
    </Filter>
    <Filter Include="Platform\Windows">
      <UniqueIdentifier>{64FBD71A-50F4-F66C-7926-DCF1657ED678}</UniqueIdentifier>
    </Filter>
  </ItemGroup>
  <ItemGroup>
    <ClInclude Include="Kargono.h" />
    <ClInclude Include="Kargono\Application.h">
      <Filter>Kargono</Filter>
    </ClInclude>
    <ClInclude Include="Kargono\Core.h">
      <Filter>Kargono</Filter>
    </ClInclude>
    <ClInclude Include="Kargono\EntryPoint.h">
      <Filter>Kargono</Filter>
    </ClInclude>
    <ClInclude Include="Kargono\Events\ApplicationEvent.h">
      <Filter>Kargono\Events</Filter>
    </ClInclude>
    <ClInclude Include="Kargono\Events\Event.h">
      <Filter>Kargono\Events</Filter>
    </ClInclude>
    <ClInclude Include="Kargono\Events\KeyEvent.h">
      <Filter>Kargono\Events</Filter>
    </ClInclude>
    <ClInclude Include="Kargono\Events\MouseEvent.h">
      <Filter>Kargono\Events</Filter>
    </ClInclude>
    <ClInclude Include="Kargono\ImGui\ImGuiLayer.h">
      <Filter>Kargono\ImGui</Filter>
    </ClInclude>
    <ClInclude Include="Kargono\KeyCodes.h">
      <Filter>Kargono</Filter>
    </ClInclude>
    <ClInclude Include="Kargono\Layer.h">
      <Filter>Kargono</Filter>
    </ClInclude>
    <ClInclude Include="Kargono\LayerStack.h">
      <Filter>Kargono</Filter>
    </ClInclude>
    <ClInclude Include="Kargono\Log.h">
      <Filter>Kargono</Filter>
    </ClInclude>
    <ClInclude Include="Kargono\MouseButtonCodes.h">
      <Filter>Kargono</Filter>
    </ClInclude>
    <ClInclude Include="Kargono\Window.h">
      <Filter>Kargono</Filter>
    </ClInclude>
    <ClInclude Include="Kargono\input.h">
      <Filter>Kargono</Filter>
    </ClInclude>
    <ClInclude Include="Kargono\kgpch.h">
      <Filter>Kargono</Filter>
    </ClInclude>
    <ClInclude Include="Platform\Windows\WindowsInput.h">
      <Filter>Platform\Windows</Filter>
    </ClInclude>
    <ClInclude Include="Platform\Windows\WindowsWindow.h">
      <Filter>Platform\Windows</Filter>
    </ClInclude>
    <ClInclude Include="Kargono\Renderer\GraphicsContext.h" />
    <ClInclude Include="Platform\OpenGL\OpenGLContext.h" />
    <ClInclude Include="Kargono\Renderer\Shader.h" />
  </ItemGroup>
  <ItemGroup>
    <ClCompile Include="Kargono\Application.cpp">
      <Filter>Kargono</Filter>
    </ClCompile>
    <ClCompile Include="Kargono\ImGui\ImGuiBuild.cpp">
      <Filter>Kargono\ImGui</Filter>
    </ClCompile>
    <ClCompile Include="Kargono\ImGui\ImGuiLayer.cpp">
      <Filter>Kargono\ImGui</Filter>
    </ClCompile>
    <ClCompile Include="Kargono\Layer.cpp">
      <Filter>Kargono</Filter>
    </ClCompile>
    <ClCompile Include="Kargono\LayerStack.cpp">
      <Filter>Kargono</Filter>
    </ClCompile>
    <ClCompile Include="Kargono\Log.cpp">
      <Filter>Kargono</Filter>
    </ClCompile>
    <ClCompile Include="Kargono\kgpch.cpp">
      <Filter>Kargono</Filter>
    </ClCompile>
    <ClCompile Include="Platform\Windows\WindowsInput.cpp">
      <Filter>Platform\Windows</Filter>
    </ClCompile>
    <ClCompile Include="Platform\Windows\WindowsWindow.cpp">
      <Filter>Platform\Windows</Filter>
    </ClCompile>
    <ClCompile Include="Platform\OpenGL\OpenGLContext.cpp" />
    <ClCompile Include="Kargono\Renderer\Shader.cpp" />
  </ItemGroup>
</Project>