<?xml version="1.0" encoding="utf-8"?>
<Project ToolsVersion="4.0" xmlns="http://schemas.microsoft.com/developer/msbuild/2003">
  <ItemGroup>
    <Filter Include="Source Files">
      <UniqueIdentifier>{4FC737F1-C7A5-4376-A066-2A32D752A2FF}</UniqueIdentifier>
      <Extensions>cpp;c;cc;cxx;c++;cppm;ixx;def;odl;idl;hpj;bat;asm;asmx</Extensions>
    </Filter>
    <Filter Include="Header Files">
      <UniqueIdentifier>{93995380-89BD-4b04-88EB-625FBE52EBFB}</UniqueIdentifier>
      <Extensions>h;hh;hpp;hxx;h++;hm;inl;inc;ipp;xsd</Extensions>
    </Filter>
    <Filter Include="Resource Files">
      <UniqueIdentifier>{67DA6AB6-F800-4c08-8B7A-83BB121AAD01}</UniqueIdentifier>
      <Extensions>rc;ico;cur;bmp;dlg;rc2;rct;bin;rgs;gif;jpg;jpeg;jpe;resx;tiff;tif;png;wav;mfcribbon-ms</Extensions>
    </Filter>
  </ItemGroup>
  <ItemGroup>
    <ClCompile Include="src\Applications\DefaultApplication\DefaultApplication.cpp">
      <Filter>Source Files</Filter>
    </ClCompile>
    <ClCompile Include="src\Library\Rendering\Library.cpp">
      <Filter>Source Files</Filter>
    </ClCompile>
    <ClCompile Include="src\Library\Rendering\Shaders\GLShader.cpp">
      <Filter>Source Files</Filter>
    </ClCompile>
    <ClCompile Include="src\Library\Rendering\Mesh\GLMesh.cpp">
      <Filter>Source Files</Filter>
    </ClCompile>
    <ClCompile Include="src\Library\Rendering\Cameras\GLCamera.cpp">
      <Filter>Source Files</Filter>
    </ClCompile>
    <ClCompile Include="src\Library\External_Libraries\glad.c">
      <Filter>Source Files</Filter>
    </ClCompile>
    <ClCompile Include="src\Library\Rendering\LightSource\LightSource.cpp">
      <Filter>Source Files</Filter>
    </ClCompile>
    <ClCompile Include="src\Library\Game\Input\GLInput.cpp">
      <Filter>Source Files</Filter>
    </ClCompile>
    <ClCompile Include="src\Library\External_Libraries\imgui\imgui.cpp">
      <Filter>Source Files</Filter>
    </ClCompile>
    <ClCompile Include="src\Library\External_Libraries\imgui\imgui_demo.cpp">
      <Filter>Source Files</Filter>
    </ClCompile>
    <ClCompile Include="src\Library\External_Libraries\imgui\imgui_draw.cpp">
      <Filter>Source Files</Filter>
    </ClCompile>
    <ClCompile Include="src\Library\External_Libraries\imgui\imgui_tables.cpp">
      <Filter>Source Files</Filter>
    </ClCompile>
    <ClCompile Include="src\Library\External_Libraries\imgui\imgui_widgets.cpp">
      <Filter>Source Files</Filter>
    </ClCompile>
    <ClCompile Include="src\Library\External_Libraries\imgui\imgui_impl_glfw.cpp">
      <Filter>Source Files</Filter>
    </ClCompile>
    <ClCompile Include="src\Library\External_Libraries\imgui\imgui_impl_opengl3.cpp">
      <Filter>Source Files</Filter>
    </ClCompile>
    <ClCompile Include="src\EntryPoint\Source.cpp">
      <Filter>Source Files</Filter>
    </ClCompile>
    <ClCompile Include="src\Applications\Application2D\Application2D.cpp">
      <Filter>Source Files</Filter>
    </ClCompile>
    <ClCompile Include="src\Library\Rendering\UserInterface\UIWindow.cpp">
      <Filter>Source Files</Filter>
    </ClCompile>
    <ClCompile Include="src\Applications\Application2D\Application2DRendering.cpp">
      <Filter>Source Files</Filter>
    </ClCompile>
    <ClCompile Include="src\Applications\DefaultApplication\DefaultRendering.cpp">
      <Filter>Source Files</Filter>
    </ClCompile>
    <ClCompile Include="src\Library\Rendering\Initialization.cpp">
      <Filter>Source Files</Filter>
    </ClCompile>
    <ClCompile Include="src\Library\Rendering\Cameras\CameraManager.cpp">
      <Filter>Source Files</Filter>
    </ClCompile>
    <ClCompile Include="src\Library\Game\Input\InputManager.cpp">
      <Filter>Source Files</Filter>
    </ClCompile>
    <ClCompile Include="src\Library\Game\Input\MiscFunctions.cpp">
      <Filter>Source Files</Filter>
    </ClCompile>
    <ClCompile Include="src\Library\Rendering\Mesh\MeshManager.cpp">
      <Filter>Source Files</Filter>
    </ClCompile>
    <ClCompile Include="src\Library\Rendering\Shaders\ShaderManager.cpp">
      <Filter>Source Files</Filter>
    </ClCompile>
    <ClCompile Include="src\Library\Rendering\Textures\TextureManager.cpp">
      <Filter>Source Files</Filter>
    </ClCompile>
    <ClCompile Include="src\Library\Rendering\UserInterface\UIFunctions.cpp">
      <Filter>Source Files</Filter>
    </ClCompile>
    <ClCompile Include="src\Library\Rendering\UserInterface\WindowManager.cpp">
      <Filter>Source Files</Filter>
    </ClCompile>
    <ClCompile Include="src\Library\Rendering\Termination.cpp">
      <Filter>Source Files</Filter>
    </ClCompile>
    <ClCompile Include="src\Library\Rendering\RuntimeFunctions.cpp">
      <Filter>Source Files</Filter>
    </ClCompile>
    <ClCompile Include="src\Library\Rendering\Model\Model.cpp">
      <Filter>Source Files</Filter>
    </ClCompile>
    <ClCompile Include="src\Library\Rendering\Textures\Texture.cpp">
      <Filter>Source Files</Filter>
    </ClCompile>
    <ClCompile Include="src\Library\Rendering\Model\ModelManager.cpp">
      <Filter>Source Files</Filter>
    </ClCompile>
    <ClCompile Include="src\Library\Rendering\RendererState\RendererStateManager.cpp">
      <Filter>Source Files</Filter>
    </ClCompile>
    <ClCompile Include="src\Library\Rendering\RendererState\RendererState.cpp">
      <Filter>Source Files</Filter>
    </ClCompile>
    <ClCompile Include="src\Library\Game\Objects\ModelRenderer.cpp">
      <Filter>Source Files</Filter>
    </ClCompile>
    <ClCompile Include="src\Library\Game\Objects\RenderableInterface.cpp">
      <Filter>Source Files</Filter>
    </ClCompile>
    <ClCompile Include="src\Library\Game\Objects\ShapeRenderer.cpp">
      <Filter>Source Files</Filter>
    </ClCompile>
    <ClCompile Include="src\Library\Game\Input\Default-Input-Libraries\Default3DFunctions.cpp">
      <Filter>Source Files</Filter>
    </ClCompile>
    <ClCompile Include="src\Library\Game\Input\Default-Input-Libraries\Default2DFunctions.cpp">
      <Filter>Source Files</Filter>
    </ClCompile>
    <ClCompile Include="src\Library\Game\Input\Default-Input-Libraries\DebugMenuFunctions.cpp">
      <Filter>Source Files</Filter>
    </ClCompile>
  </ItemGroup>
  <ItemGroup>
    <ClInclude Include="src\Library\Rendering\Library.h">
      <Filter>Header Files</Filter>
    </ClInclude>
    <ClInclude Include="src\Library\Rendering\Includes.h">
      <Filter>Header Files</Filter>
    </ClInclude>
    <ClInclude Include="src\Library\Rendering\Shaders\Shaders.h">
      <Filter>Header Files</Filter>
    </ClInclude>
    <ClInclude Include="src\Library\Rendering\Mesh\Meshes.h">
      <Filter>Header Files</Filter>
    </ClInclude>
    <ClInclude Include="src\Library\External_Libraries\stb_image.h">
      <Filter>Header Files</Filter>
    </ClInclude>
    <ClInclude Include="src\Library\Rendering\Textures\Textures.h">
      <Filter>Header Files</Filter>
    </ClInclude>
    <ClInclude Include="src\Library\Rendering\Cameras\Cameras.h">
      <Filter>Header Files</Filter>
    </ClInclude>
    <ClInclude Include="src\Library\Game\Objects\Objects.h">
      <Filter>Header Files</Filter>
    </ClInclude>
    <ClInclude Include="src\Library\Rendering\LightSource\LightSource.h">
      <Filter>Header Files</Filter>
    </ClInclude>
    <ClInclude Include="src\Library\Game\Input\Input.h">
      <Filter>Header Files</Filter>
    </ClInclude>
    <ClInclude Include="src\Library\External_Libraries\imgui\imconfig.h">
      <Filter>Header Files</Filter>
    </ClInclude>
    <ClInclude Include="src\Library\External_Libraries\imgui\imgui.h">
      <Filter>Header Files</Filter>
    </ClInclude>
    <ClInclude Include="src\Library\External_Libraries\imgui\imgui_internal.h">
      <Filter>Header Files</Filter>
    </ClInclude>
    <ClInclude Include="src\Library\External_Libraries\imgui\imstb_rectpack.h">
      <Filter>Header Files</Filter>
    </ClInclude>
    <ClInclude Include="src\Library\External_Libraries\imgui\imstb_textedit.h">
      <Filter>Header Files</Filter>
    </ClInclude>
    <ClInclude Include="src\Library\External_Libraries\imgui\imstb_truetype.h">
      <Filter>Header Files</Filter>
    </ClInclude>
    <ClInclude Include="src\Library\External_Libraries\imgui\imgui_impl_glfw.h">
      <Filter>Header Files</Filter>
    </ClInclude>
    <ClInclude Include="src\Library\External_Libraries\imgui\imgui_impl_opengl3.h">
      <Filter>Header Files</Filter>
    </ClInclude>
    <ClInclude Include="src\Library\External_Libraries\imgui\imgui_impl_opengl3_loader.h">
      <Filter>Header Files</Filter>
    </ClInclude>
    <ClInclude Include="src\Applications\DefaultApplication\DefaultApplication.h">
      <Filter>Header Files</Filter>
    </ClInclude>
    <ClInclude Include="src\Applications\Application2D\Application2D.h">
      <Filter>Header Files</Filter>
    </ClInclude>
    <ClInclude Include="src\Library\Rendering\UserInterface\WindowFunctions.h">
      <Filter>Header Files</Filter>
    </ClInclude>
    <ClInclude Include="src\Applications\Application2D\Rendering1.h">
      <Filter>Header Files</Filter>
    </ClInclude>
    <ClInclude Include="src\Applications\DefaultApplication\Rendering2.h">
      <Filter>Header Files</Filter>
    </ClInclude>
    <ClInclude Include="src\Library\Rendering\Initialization.h">
      <Filter>Header Files</Filter>
    </ClInclude>
    <ClInclude Include="src\Library\Game\Input\MiscFunctions.h">
      <Filter>Header Files</Filter>
    </ClInclude>
    <ClInclude Include="src\Library\Rendering\UserInterface\UIFunctions.h">
      <Filter>Header Files</Filter>
    </ClInclude>
    <ClInclude Include="src\Library\Rendering\Model\Model.h">
      <Filter>Header Files</Filter>
    </ClInclude>
    <ClInclude Include="OpenGLResources\Includes\glad\glad.h">
      <Filter>Header Files</Filter>
    </ClInclude>
    <ClInclude Include="OpenGLResources\Includes\Assimp\aabb.h">
      <Filter>Header Files</Filter>
    </ClInclude>
    <ClInclude Include="OpenGLResources\Includes\Assimp\ai_assert.h">
      <Filter>Header Files</Filter>
    </ClInclude>
    <ClInclude Include="OpenGLResources\Includes\Assimp\anim.h">
      <Filter>Header Files</Filter>
    </ClInclude>
    <ClInclude Include="OpenGLResources\Includes\Assimp\AssertHandler.h">
      <Filter>Header Files</Filter>
    </ClInclude>
    <ClInclude Include="OpenGLResources\Includes\Assimp\Base64.hpp">
      <Filter>Header Files</Filter>
    </ClInclude>
    <ClInclude Include="OpenGLResources\Includes\Assimp\BaseImporter.h">
      <Filter>Header Files</Filter>
    </ClInclude>
    <ClInclude Include="OpenGLResources\Includes\Assimp\Bitmap.h">
      <Filter>Header Files</Filter>
    </ClInclude>
    <ClInclude Include="OpenGLResources\Includes\Assimp\BlobIOSystem.h">
      <Filter>Header Files</Filter>
    </ClInclude>
    <ClInclude Include="OpenGLResources\Includes\Assimp\ByteSwapper.h">
      <Filter>Header Files</Filter>
    </ClInclude>
    <ClInclude Include="OpenGLResources\Includes\Assimp\camera.h">
      <Filter>Header Files</Filter>
    </ClInclude>
    <ClInclude Include="OpenGLResources\Includes\Assimp\cexport.h">
      <Filter>Header Files</Filter>
    </ClInclude>
    <ClInclude Include="OpenGLResources\Includes\Assimp\cfileio.h">
      <Filter>Header Files</Filter>
    </ClInclude>
    <ClInclude Include="OpenGLResources\Includes\Assimp\cimport.h">
      <Filter>Header Files</Filter>
    </ClInclude>
    <ClInclude Include="OpenGLResources\Includes\Assimp\ColladaMetaData.h">
      <Filter>Header Files</Filter>
    </ClInclude>
    <ClInclude Include="OpenGLResources\Includes\Assimp\color4.h">
      <Filter>Header Files</Filter>
    </ClInclude>
    <ClInclude Include="OpenGLResources\Includes\Assimp\commonMetaData.h">
      <Filter>Header Files</Filter>
    </ClInclude>
    <ClInclude Include="OpenGLResources\Includes\Assimp\CreateAnimMesh.h">
      <Filter>Header Files</Filter>
    </ClInclude>
    <ClInclude Include="OpenGLResources\Includes\Assimp\DefaultIOStream.h">
      <Filter>Header Files</Filter>
    </ClInclude>
    <ClInclude Include="OpenGLResources\Includes\Assimp\DefaultIOSystem.h">
      <Filter>Header Files</Filter>
    </ClInclude>
    <ClInclude Include="OpenGLResources\Includes\Assimp\DefaultLogger.hpp">
      <Filter>Header Files</Filter>
    </ClInclude>
    <ClInclude Include="OpenGLResources\Includes\Assimp\defs.h">
      <Filter>Header Files</Filter>
    </ClInclude>
    <ClInclude Include="OpenGLResources\Includes\Assimp\Exceptional.h">
      <Filter>Header Files</Filter>
    </ClInclude>
    <ClInclude Include="OpenGLResources\Includes\Assimp\Exporter.hpp">
      <Filter>Header Files</Filter>
    </ClInclude>
    <ClInclude Include="OpenGLResources\Includes\Assimp\fast_atof.h">
      <Filter>Header Files</Filter>
    </ClInclude>
    <ClInclude Include="OpenGLResources\Includes\Assimp\GenericProperty.h">
      <Filter>Header Files</Filter>
    </ClInclude>
    <ClInclude Include="OpenGLResources\Includes\Assimp\GltfMaterial.h">
      <Filter>Header Files</Filter>
    </ClInclude>
    <ClInclude Include="OpenGLResources\Includes\Assimp\Hash.h">
      <Filter>Header Files</Filter>
    </ClInclude>
    <ClInclude Include="OpenGLResources\Includes\Assimp\Importer.hpp">
      <Filter>Header Files</Filter>
    </ClInclude>
    <ClInclude Include="OpenGLResources\Includes\Assimp\importerdesc.h">
      <Filter>Header Files</Filter>
    </ClInclude>
    <ClInclude Include="OpenGLResources\Includes\Assimp\IOStream.hpp">
      <Filter>Header Files</Filter>
    </ClInclude>
    <ClInclude Include="OpenGLResources\Includes\Assimp\IOStreamBuffer.h">
      <Filter>Header Files</Filter>
    </ClInclude>
    <ClInclude Include="OpenGLResources\Includes\Assimp\IOSystem.hpp">
      <Filter>Header Files</Filter>
    </ClInclude>
    <ClInclude Include="OpenGLResources\Includes\Assimp\light.h">
      <Filter>Header Files</Filter>
    </ClInclude>
    <ClInclude Include="OpenGLResources\Includes\Assimp\LineSplitter.h">
      <Filter>Header Files</Filter>
    </ClInclude>
    <ClInclude Include="OpenGLResources\Includes\Assimp\LogAux.h">
      <Filter>Header Files</Filter>
    </ClInclude>
    <ClInclude Include="OpenGLResources\Includes\Assimp\Logger.hpp">
      <Filter>Header Files</Filter>
    </ClInclude>
    <ClInclude Include="OpenGLResources\Includes\Assimp\LogStream.hpp">
      <Filter>Header Files</Filter>
    </ClInclude>
    <ClInclude Include="OpenGLResources\Includes\Assimp\material.h">
      <Filter>Header Files</Filter>
    </ClInclude>
    <ClInclude Include="OpenGLResources\Includes\Assimp\MathFunctions.h">
      <Filter>Header Files</Filter>
    </ClInclude>
    <ClInclude Include="OpenGLResources\Includes\Assimp\matrix3x3.h">
      <Filter>Header Files</Filter>
    </ClInclude>
    <ClInclude Include="OpenGLResources\Includes\Assimp\matrix4x4.h">
      <Filter>Header Files</Filter>
    </ClInclude>
    <ClInclude Include="OpenGLResources\Includes\Assimp\MemoryIOWrapper.h">
      <Filter>Header Files</Filter>
    </ClInclude>
    <ClInclude Include="OpenGLResources\Includes\Assimp\mesh.h">
      <Filter>Header Files</Filter>
    </ClInclude>
    <ClInclude Include="OpenGLResources\Includes\Assimp\metadata.h">
      <Filter>Header Files</Filter>
    </ClInclude>
    <ClInclude Include="OpenGLResources\Includes\Assimp\NullLogger.hpp">
      <Filter>Header Files</Filter>
    </ClInclude>
    <ClInclude Include="OpenGLResources\Includes\Assimp\ObjMaterial.h">
      <Filter>Header Files</Filter>
    </ClInclude>
    <ClInclude Include="OpenGLResources\Includes\Assimp\ParsingUtils.h">
      <Filter>Header Files</Filter>
    </ClInclude>
    <ClInclude Include="OpenGLResources\Includes\Assimp\pbrmaterial.h">
      <Filter>Header Files</Filter>
    </ClInclude>
    <ClInclude Include="OpenGLResources\Includes\Assimp\postprocess.h">
      <Filter>Header Files</Filter>
    </ClInclude>
    <ClInclude Include="OpenGLResources\Includes\Assimp\Profiler.h">
      <Filter>Header Files</Filter>
    </ClInclude>
    <ClInclude Include="OpenGLResources\Includes\Assimp\ProgressHandler.hpp">
      <Filter>Header Files</Filter>
    </ClInclude>
    <ClInclude Include="OpenGLResources\Includes\Assimp\qnan.h">
      <Filter>Header Files</Filter>
    </ClInclude>
    <ClInclude Include="OpenGLResources\Includes\Assimp\quaternion.h">
      <Filter>Header Files</Filter>
    </ClInclude>
    <ClInclude Include="OpenGLResources\Includes\Assimp\RemoveComments.h">
      <Filter>Header Files</Filter>
    </ClInclude>
    <ClInclude Include="OpenGLResources\Includes\Assimp\scene.h">
      <Filter>Header Files</Filter>
    </ClInclude>
    <ClInclude Include="OpenGLResources\Includes\Assimp\SceneCombiner.h">
      <Filter>Header Files</Filter>
    </ClInclude>
    <ClInclude Include="OpenGLResources\Includes\Assimp\SGSpatialSort.h">
      <Filter>Header Files</Filter>
    </ClInclude>
    <ClInclude Include="OpenGLResources\Includes\Assimp\SkeletonMeshBuilder.h">
      <Filter>Header Files</Filter>
    </ClInclude>
    <ClInclude Include="OpenGLResources\Includes\Assimp\SmallVector.h">
      <Filter>Header Files</Filter>
    </ClInclude>
    <ClInclude Include="OpenGLResources\Includes\Assimp\SmoothingGroups.h">
      <Filter>Header Files</Filter>
    </ClInclude>
    <ClInclude Include="OpenGLResources\Includes\Assimp\SpatialSort.h">
      <Filter>Header Files</Filter>
    </ClInclude>
    <ClInclude Include="OpenGLResources\Includes\Assimp\StandardShapes.h">
      <Filter>Header Files</Filter>
    </ClInclude>
    <ClInclude Include="OpenGLResources\Includes\Assimp\StreamReader.h">
      <Filter>Header Files</Filter>
    </ClInclude>
    <ClInclude Include="OpenGLResources\Includes\Assimp\StreamWriter.h">
      <Filter>Header Files</Filter>
    </ClInclude>
    <ClInclude Include="OpenGLResources\Includes\Assimp\StringComparison.h">
      <Filter>Header Files</Filter>
    </ClInclude>
    <ClInclude Include="OpenGLResources\Includes\Assimp\StringUtils.h">
      <Filter>Header Files</Filter>
    </ClInclude>
    <ClInclude Include="OpenGLResources\Includes\Assimp\Subdivision.h">
      <Filter>Header Files</Filter>
    </ClInclude>
    <ClInclude Include="OpenGLResources\Includes\Assimp\texture.h">
      <Filter>Header Files</Filter>
    </ClInclude>
    <ClInclude Include="OpenGLResources\Includes\Assimp\TinyFormatter.h">
      <Filter>Header Files</Filter>
    </ClInclude>
    <ClInclude Include="OpenGLResources\Includes\Assimp\types.h">
      <Filter>Header Files</Filter>
    </ClInclude>
    <ClInclude Include="OpenGLResources\Includes\Assimp\vector2.h">
      <Filter>Header Files</Filter>
    </ClInclude>
    <ClInclude Include="OpenGLResources\Includes\Assimp\vector3.h">
      <Filter>Header Files</Filter>
    </ClInclude>
    <ClInclude Include="OpenGLResources\Includes\Assimp\version.h">
      <Filter>Header Files</Filter>
    </ClInclude>
    <ClInclude Include="OpenGLResources\Includes\Assimp\Vertex.h">
      <Filter>Header Files</Filter>
    </ClInclude>
    <ClInclude Include="OpenGLResources\Includes\Assimp\XmlParser.h">
      <Filter>Header Files</Filter>
    </ClInclude>
    <ClInclude Include="OpenGLResources\Includes\Assimp\XMLTools.h">
      <Filter>Header Files</Filter>
    </ClInclude>
    <ClInclude Include="OpenGLResources\Includes\Assimp\ZipArchiveIOSystem.h">
      <Filter>Header Files</Filter>
    </ClInclude>
    <ClInclude Include="OpenGLResources\Includes\Assimp\Compiler\poppack1.h">
      <Filter>Header Files</Filter>
    </ClInclude>
    <ClInclude Include="OpenGLResources\Includes\Assimp\Compiler\pstdint.h">
      <Filter>Header Files</Filter>
    </ClInclude>
    <ClInclude Include="OpenGLResources\Includes\Assimp\Compiler\pushpack1.h">
      <Filter>Header Files</Filter>
    </ClInclude>
    <ClInclude Include="OpenGLResources\Includes\GLFW\Old-Files\glfw3native.h">
      <Filter>Header Files</Filter>
    </ClInclude>
    <ClInclude Include="OpenGLResources\Includes\GLFW\Old-Files\glfw3.h">
      <Filter>Header Files</Filter>
    </ClInclude>
    <ClInclude Include="glfw3.h">
      <Filter>Header Files</Filter>
    </ClInclude>
    <ClInclude Include="glfw3native.h">
      <Filter>Header Files</Filter>
    </ClInclude>
    <ClInclude Include="src\Library\Rendering\RendererState\RendererState.h">
      <Filter>Header Files</Filter>
    </ClInclude>
    <ClInclude Include="src\Library\Game\Objects\RenderableInterface.h">
      <Filter>Header Files</Filter>
    </ClInclude>
    <ClInclude Include="src\Library\Game\Input\Default-Input-Libraries\Default3DFunctions.h">
      <Filter>Header Files</Filter>
    </ClInclude>
    <ClInclude Include="src\Library\Game\Input\Default-Input-Libraries\Default2DFunctions.h">
      <Filter>Header Files</Filter>
    </ClInclude>
    <ClInclude Include="src\Library\Game\Input\Default-Input-Libraries\DebugMenuFunctions.h">
      <Filter>Header Files</Filter>
    </ClInclude>
  </ItemGroup>
  <ItemGroup>
    <None Include="src\Library\External_Libraries\imgui\.editorconfig" />
    <None Include="src\Library\External_Libraries\imgui\.gitattributes" />
    <None Include="src\Library\External_Libraries\imgui\.gitignore" />
    <None Include="imgui.ini" />
    <None Include="Resources\Default-Resources\Shaders\Lighting\shader.fs" />
    <None Include="Resources\Default-Resources\Shaders\Lighting\shader.vs" />
    <None Include="Resources\Default-Resources\Shaders\LightSource\shader.fs" />
    <None Include="Resources\Default-Resources\Shaders\LightSource\shader.vs" />
    <None Include="Resources\Default-Resources\Shaders\DefaultShader\shader.fs" />
    <None Include="Resources\Default-Resources\Shaders\DefaultShader\shader.vs" />
    <None Include="OpenGLResources\Includes\Assimp\.editorconfig" />
    <None Include="OpenGLResources\Includes\Assimp\color4.inl">
      <Filter>Header Files</Filter>
    </None>
    <None Include="OpenGLResources\Includes\Assimp\config.h.in" />
    <None Include="OpenGLResources\Includes\Assimp\material.inl">
      <Filter>Header Files</Filter>
    </None>
    <None Include="OpenGLResources\Includes\Assimp\matrix3x3.inl">
      <Filter>Header Files</Filter>
    </None>
    <None Include="OpenGLResources\Includes\Assimp\matrix4x4.inl">
      <Filter>Header Files</Filter>
    </None>
    <None Include="OpenGLResources\Includes\Assimp\quaternion.inl">
      <Filter>Header Files</Filter>
    </None>
    <None Include="OpenGLResources\Includes\Assimp\SmoothingGroups.inl">
      <Filter>Header Files</Filter>
    </None>
    <None Include="OpenGLResources\Includes\Assimp\vector2.inl">
      <Filter>Header Files</Filter>
    </None>
    <None Include="OpenGLResources\Includes\Assimp\vector3.inl">
      <Filter>Header Files</Filter>
    </None>
    <None Include="OpenGLResources\Libraries\Old-Versions\glfw3.pdb" />
    <None Include="OpenGLResources\Libraries\assimp-vc143-mtd.exp" />
    <None Include="glfw3.pdb" />
    <None Include="assimp-vc143-mtd.pdb" />
    <None Include=".gitattributes" />
    <None Include=".gitignore" />
    <None Include="assimp-vc143-mtd.dll" />
    <None Include="Output\Release\binaries\Kargono.exe" />
    <None Include="Output\Release\binaries\Kargono.pdb" />
  </ItemGroup>
  <ItemGroup>
    <Image Include="src\Resources\Textures\Images\Original\Metal_Box.png">
      <Filter>Resource Files</Filter>
    </Image>
    <Image Include="src\Resources\Textures\Images\Original\awesomeface.png">
      <Filter>Resource Files</Filter>
    </Image>
    <Image Include="src\Resources\Textures\Images\SpecularMap\Metal_Box.png">
      <Filter>Resource Files</Filter>
    </Image>
    <Image Include="src\Resources\Textures\Images\SpecularMap\awesomeface.png">
      <Filter>Resource Files</Filter>
    </Image>
    <Image Include="Resources\Default-Resources\Textures\Original\awesomeface.png">
      <Filter>Resource Files</Filter>
    </Image>
    <Image Include="Resources\Default-Resources\Textures\Original\Metal_Box.png">
      <Filter>Resource Files</Filter>
    </Image>
    <Image Include="Resources\Default-Resources\Textures\SpecularMap\awesomeface.png">
      <Filter>Resource Files</Filter>
    </Image>
    <Image Include="Resources\Default-Resources\Textures\SpecularMap\Metal_Box.png">
      <Filter>Resource Files</Filter>
    </Image>
  </ItemGroup>
  <ItemGroup>
    <Text Include="src\Library\External_Libraries\imgui\LICENSE.txt" />
    <Text Include="imgui_log.txt" />
    <Text Include="Documentation\ToDO.txt" />
  </ItemGroup>
  <ItemGroup>
    <Library Include="OpenGLResources\Libraries\Old-Versions\glfw3.lib" />
    <Library Include="OpenGLResources\Libraries\assimp-vc143-mtd.lib" />
    <Library Include="glfw3.lib" />
  </ItemGroup>
</Project>